
Microsoft Visual Studio Solution File, Format Version 12.00
# Visual Studio Version 17
VisualStudioVersion = 17.2.32602.215
MinimumVisualStudioVersion = 10.0.40219.1
Project("{9A19103F-16F7-4668-BE54-9A1E7A4F7556}") = "KerstmanPROG6-Fedor-Kevin", "KerstmanPROG6-Fedor-Kevin\KerstmanPROG6-Fedor-Kevin.csproj", "{C30F3100-B7DE-4EFE-9B3C-34244BD026C8}"
EndProject
Project("{9A19103F-16F7-4668-BE54-9A1E7A4F7556}") = "Kerstman-Fedor-Kevin.test", "Kerstman-Fedor-Kevin.test\Kerstman-Fedor-Kevin.test.csproj", "{F1C0E404-2FB5-4530-8B77-97AEB3799888}"
EndProject
Global
	GlobalSection(SolutionConfigurationPlatforms) = preSolution
		Debug|Any CPU = Debug|Any CPU
		Release|Any CPU = Release|Any CPU
	EndGlobalSection
	GlobalSection(ProjectConfigurationPlatforms) = postSolution
		{C30F3100-B7DE-4EFE-9B3C-34244BD026C8}.Debug|Any CPU.ActiveCfg = Debug|Any CPU
		{C30F3100-B7DE-4EFE-9B3C-34244BD026C8}.Debug|Any CPU.Build.0 = Debug|Any CPU
		{C30F3100-B7DE-4EFE-9B3C-34244BD026C8}.Release|Any CPU.ActiveCfg = Release|Any CPU
		{C30F3100-B7DE-4EFE-9B3C-34244BD026C8}.Release|Any CPU.Build.0 = Release|Any CPU
		{F1C0E404-2FB5-4530-8B77-97AEB3799888}.Debug|Any CPU.ActiveCfg = Debug|Any CPU
		{F1C0E404-2FB5-4530-8B77-97AEB3799888}.Debug|Any CPU.Build.0 = Debug|Any CPU
		{F1C0E404-2FB5-4530-8B77-97AEB3799888}.Release|Any CPU.ActiveCfg = Release|Any CPU
		{F1C0E404-2FB5-4530-8B77-97AEB3799888}.Release|Any CPU.Build.0 = Release|Any CPU
	EndGlobalSection
	GlobalSection(SolutionProperties) = preSolution
		HideSolutionNode = FALSE
	EndGlobalSection
	GlobalSection(ExtensibilityGlobals) = postSolution
		SolutionGuid = {2F89C98E-EA9C-4381-8620-0B560DBDF933}
	EndGlobalSection
EndGlobal
